
Microsoft Visual Studio Solution File, Format Version 12.00
# Visual Studio Version 17
VisualStudioVersion = 17.5.33530.505
MinimumVisualStudioVersion = 10.0.40219.1
Project("{FAE04EC0-301F-11D3-BF4B-00C04F79EFBC}") = "Assesment-1", "Assesment-1.csproj", "{D83F43D8-34EE-469A-AAEB-575070E3F751}"
EndProject
Global
	GlobalSection(SolutionConfigurationPlatforms) = preSolution
		Debug|Any CPU = Debug|Any CPU
		Release|Any CPU = Release|Any CPU
	EndGlobalSection
	GlobalSection(ProjectConfigurationPlatforms) = postSolution
		{D83F43D8-34EE-469A-AAEB-575070E3F751}.Debug|Any CPU.ActiveCfg = Debug|Any CPU
		{D83F43D8-34EE-469A-AAEB-575070E3F751}.Debug|Any CPU.Build.0 = Debug|Any CPU
		{D83F43D8-34EE-469A-AAEB-575070E3F751}.Release|Any CPU.ActiveCfg = Release|Any CPU
		{D83F43D8-34EE-469A-AAEB-575070E3F751}.Release|Any CPU.Build.0 = Release|Any CPU
	EndGlobalSection
	GlobalSection(SolutionProperties) = preSolution
		HideSolutionNode = FALSE
	EndGlobalSection
	GlobalSection(ExtensibilityGlobals) = postSolution
		SolutionGuid = {D9ECC947-DE1F-4ADF-8960-6E5AD243BBD1}
	EndGlobalSection
EndGlobal
